
Microsoft Visual Studio Solution File, Format Version 12.00
# Visual Studio Version 16
VisualStudioVersion = 16.0.29102.190
MinimumVisualStudioVersion = 10.0.40219.1
Project("{9A19103F-16F7-4668-BE54-9A1E7A4F7556}") = "fa2Server", "fa2Server\fa2Server.csproj", "{71955B52-B05B-4163-AF23-BF33E112BAAB}"
EndProject
Project("{9A19103F-16F7-4668-BE54-9A1E7A4F7556}") = "MakC.Data", "MakC.Data\MakC.Data.csproj", "{68273876-4955-4EAF-BE61-8B412F74BC99}"
EndProject
Project("{9A19103F-16F7-4668-BE54-9A1E7A4F7556}") = "MakC.Common", "MakC.Common\MakC.Common.csproj", "{16198466-DE15-48FF-B722-B6F5474F9437}"
EndProject
Project("{FAE04EC0-301F-11D3-BF4B-00C04F79EFBC}") = "NUnitTestProject1", "NUnitTestProject1\NUnitTestProject1.csproj", "{F5C4C41A-D151-410B-A9AD-A66C6971ADC6}"
EndProject
Global
	GlobalSection(SolutionConfigurationPlatforms) = preSolution
		Debug|Any CPU = Debug|Any CPU
		Release|Any CPU = Release|Any CPU
	EndGlobalSection
	GlobalSection(ProjectConfigurationPlatforms) = postSolution
		{71955B52-B05B-4163-AF23-BF33E112BAAB}.Debug|Any CPU.ActiveCfg = Debug|Any CPU
		{71955B52-B05B-4163-AF23-BF33E112BAAB}.Debug|Any CPU.Build.0 = Debug|Any CPU
		{71955B52-B05B-4163-AF23-BF33E112BAAB}.Release|Any CPU.ActiveCfg = Release|Any CPU
		{71955B52-B05B-4163-AF23-BF33E112BAAB}.Release|Any CPU.Build.0 = Release|Any CPU
		{68273876-4955-4EAF-BE61-8B412F74BC99}.Debug|Any CPU.ActiveCfg = Debug|Any CPU
		{68273876-4955-4EAF-BE61-8B412F74BC99}.Debug|Any CPU.Build.0 = Debug|Any CPU
		{68273876-4955-4EAF-BE61-8B412F74BC99}.Release|Any CPU.ActiveCfg = Release|Any CPU
		{68273876-4955-4EAF-BE61-8B412F74BC99}.Release|Any CPU.Build.0 = Release|Any CPU
		{16198466-DE15-48FF-B722-B6F5474F9437}.Debug|Any CPU.ActiveCfg = Debug|Any CPU
		{16198466-DE15-48FF-B722-B6F5474F9437}.Debug|Any CPU.Build.0 = Debug|Any CPU
		{16198466-DE15-48FF-B722-B6F5474F9437}.Release|Any CPU.ActiveCfg = Release|Any CPU
		{16198466-DE15-48FF-B722-B6F5474F9437}.Release|Any CPU.Build.0 = Release|Any CPU
		{F5C4C41A-D151-410B-A9AD-A66C6971ADC6}.Debug|Any CPU.ActiveCfg = Debug|Any CPU
		{F5C4C41A-D151-410B-A9AD-A66C6971ADC6}.Debug|Any CPU.Build.0 = Debug|Any CPU
		{F5C4C41A-D151-410B-A9AD-A66C6971ADC6}.Release|Any CPU.ActiveCfg = Release|Any CPU
		{F5C4C41A-D151-410B-A9AD-A66C6971ADC6}.Release|Any CPU.Build.0 = Release|Any CPU
	EndGlobalSection
	GlobalSection(SolutionProperties) = preSolution
		HideSolutionNode = FALSE
	EndGlobalSection
	GlobalSection(ExtensibilityGlobals) = postSolution
		SolutionGuid = {393B0192-AB0A-4E53-B826-A4594DF17F65}
	EndGlobalSection
EndGlobal
